
Microsoft Visual Studio Solution File, Format Version 12.00
# Visual Studio 15
VisualStudioVersion = 15.0.28307.271
MinimumVisualStudioVersion = 10.0.40219.1
Project("{FAE04EC0-301F-11D3-BF4B-00C04F79EFBC}") = "ContactWebApi", "ContactWebApi\ContactWebApi.csproj", "{75FE1BEC-33AC-4CD1-9D02-16F71E2493E7}"
EndProject
Project("{FAE04EC0-301F-11D3-BF4B-00C04F79EFBC}") = "ContactWebApi.Tests", "ContactWebApi.Tests\ContactWebApi.Tests.csproj", "{B11C5FB7-EDF2-4431-B986-67C2CC932241}"
EndProject
Global
	GlobalSection(SolutionConfigurationPlatforms) = preSolution
		Debug|Any CPU = Debug|Any CPU
		Release|Any CPU = Release|Any CPU
	EndGlobalSection
	GlobalSection(ProjectConfigurationPlatforms) = postSolution
		{75FE1BEC-33AC-4CD1-9D02-16F71E2493E7}.Debug|Any CPU.ActiveCfg = Debug|Any CPU
		{75FE1BEC-33AC-4CD1-9D02-16F71E2493E7}.Debug|Any CPU.Build.0 = Debug|Any CPU
		{75FE1BEC-33AC-4CD1-9D02-16F71E2493E7}.Release|Any CPU.ActiveCfg = Release|Any CPU
		{75FE1BEC-33AC-4CD1-9D02-16F71E2493E7}.Release|Any CPU.Build.0 = Release|Any CPU
		{B11C5FB7-EDF2-4431-B986-67C2CC932241}.Debug|Any CPU.ActiveCfg = Debug|Any CPU
		{B11C5FB7-EDF2-4431-B986-67C2CC932241}.Debug|Any CPU.Build.0 = Debug|Any CPU
		{B11C5FB7-EDF2-4431-B986-67C2CC932241}.Release|Any CPU.ActiveCfg = Release|Any CPU
		{B11C5FB7-EDF2-4431-B986-67C2CC932241}.Release|Any CPU.Build.0 = Release|Any CPU
	EndGlobalSection
	GlobalSection(SolutionProperties) = preSolution
		HideSolutionNode = FALSE
	EndGlobalSection
	GlobalSection(ExtensibilityGlobals) = postSolution
		SolutionGuid = {EA88ADBF-E7A5-4E5C-AED0-3868DFB08773}
	EndGlobalSection
EndGlobal
